
Microsoft Visual Studio Solution File, Format Version 12.00
# Visual Studio Version 16
VisualStudioVersion = 16.0.29001.49
MinimumVisualStudioVersion = 10.0.40219.1
Project("{9A19103F-16F7-4668-BE54-9A1E7A4F7556}") = "xmuer", "xmuer\xmuer.csproj", "{53B60CFB-9E53-44ED-A186-7EDBC38B33CD}"
EndProject
Global
	GlobalSection(SolutionConfigurationPlatforms) = preSolution
		Debug|Any CPU = Debug|Any CPU
		Release|Any CPU = Release|Any CPU
	EndGlobalSection
	GlobalSection(ProjectConfigurationPlatforms) = postSolution
		{53B60CFB-9E53-44ED-A186-7EDBC38B33CD}.Debug|Any CPU.ActiveCfg = Debug|Any CPU
		{53B60CFB-9E53-44ED-A186-7EDBC38B33CD}.Debug|Any CPU.Build.0 = Debug|Any CPU
		{53B60CFB-9E53-44ED-A186-7EDBC38B33CD}.Release|Any CPU.ActiveCfg = Release|Any CPU
		{53B60CFB-9E53-44ED-A186-7EDBC38B33CD}.Release|Any CPU.Build.0 = Release|Any CPU
	EndGlobalSection
	GlobalSection(SolutionProperties) = preSolution
		HideSolutionNode = FALSE
	EndGlobalSection
	GlobalSection(ExtensibilityGlobals) = postSolution
		SolutionGuid = {DFC5346C-1A5F-41DB-A8FF-65EFEC780042}
	EndGlobalSection
EndGlobal
